
Microsoft Visual Studio Solution File, Format Version 10.00
# Visual Studio 2008
Project("{8BC9CEB8-8B4A-11D0-8D11-00A0C91BC942}") = "GZip", "GZip\GZip.vcproj", "{14665508-BFE9-4987-92FD-EB4C6307D732}"
EndProject
Global
	GlobalSection(SolutionConfigurationPlatforms) = preSolution
		Debug|Win32 = Debug|Win32
		Release|Win32 = Release|Win32
	EndGlobalSection
	GlobalSection(ProjectConfigurationPlatforms) = postSolution
		{14665508-BFE9-4987-92FD-EB4C6307D732}.Debug|Win32.ActiveCfg = Debug|Win32
		{14665508-BFE9-4987-92FD-EB4C6307D732}.Debug|Win32.Build.0 = Debug|Win32
		{14665508-BFE9-4987-92FD-EB4C6307D732}.Release|Win32.ActiveCfg = Release|Win32
		{14665508-BFE9-4987-92FD-EB4C6307D732}.Release|Win32.Build.0 = Release|Win32
	EndGlobalSection
	GlobalSection(SolutionProperties) = preSolution
		HideSolutionNode = FALSE
	EndGlobalSection
EndGlobal
