
Microsoft Visual Studio Solution File, Format Version 10.00
# Visual Studio 2008
Project("{8BC9CEB8-8B4A-11D0-8D11-00A0C91BC942}") = "SampleServer02", "SampleServer02.vcproj", "{9A40A9C1-29FF-456D-8331-C2F1D7A0C657}"
EndProject
Global
	GlobalSection(SolutionConfigurationPlatforms) = preSolution
		Debug|Win32 = Debug|Win32
		Release|Win32 = Release|Win32
	EndGlobalSection
	GlobalSection(ProjectConfigurationPlatforms) = postSolution
		{9A40A9C1-29FF-456D-8331-C2F1D7A0C657}.Debug|Win32.ActiveCfg = Debug|Win32
		{9A40A9C1-29FF-456D-8331-C2F1D7A0C657}.Debug|Win32.Build.0 = Debug|Win32
		{9A40A9C1-29FF-456D-8331-C2F1D7A0C657}.Release|Win32.ActiveCfg = Release|Win32
		{9A40A9C1-29FF-456D-8331-C2F1D7A0C657}.Release|Win32.Build.0 = Release|Win32
	EndGlobalSection
	GlobalSection(SolutionProperties) = preSolution
		HideSolutionNode = FALSE
	EndGlobalSection
EndGlobal
