Microsoft Visual Studio Solution File, Format Version 10.00
# Visual Studio 2008
Project("{8BC9CEB8-8B4A-11D0-8D11-00A0C91BC942}") = "NFZipper", "NFZipper.vcproj", "{CFD68D33-75D5-4806-AD83-06FC6B4CE98D}"
EndProject
Global
	GlobalSection(SolutionConfigurationPlatforms) = preSolution
		Debug|Win32 = Debug|Win32
		Release|Win32 = Release|Win32
	EndGlobalSection
	GlobalSection(ProjectConfigurationPlatforms) = postSolution
		{CFD68D33-75D5-4806-AD83-06FC6B4CE98D}.Debug|Win32.ActiveCfg = Debug|Win32
		{CFD68D33-75D5-4806-AD83-06FC6B4CE98D}.Debug|Win32.Build.0 = Debug|Win32
		{CFD68D33-75D5-4806-AD83-06FC6B4CE98D}.Release|Win32.ActiveCfg = Release|Win32
		{CFD68D33-75D5-4806-AD83-06FC6B4CE98D}.Release|Win32.Build.0 = Release|Win32
	EndGlobalSection
	GlobalSection(SolutionProperties) = preSolution
		HideSolutionNode = FALSE
	EndGlobalSection
EndGlobal
